// !$*UTF8*$!
{
	archiveVersion = 1;
	classes = {
	};
	objectVersion = 56;
	objects = {

/* Begin PBXBuildFile section */
		A39597B32A70A0E100007F82 /* ChoosingView.swift in Sources */ = {isa = PBXBuildFile; fileRef = A39597B22A70A0E100007F82 /* ChoosingView.swift */; };
		A39597B52A70CF1B00007F82 /* SynthesizerViewModel.swift in Sources */ = {isa = PBXBuildFile; fileRef = A39597B42A70CF1B00007F82 /* SynthesizerViewModel.swift */; };
		A39597B72A70D8E100007F82 /* HapticViewModel.swift in Sources */ = {isa = PBXBuildFile; fileRef = A39597B62A70D8E100007F82 /* HapticViewModel.swift */; };
		A39597B92A70EA6500007F82 /* Vote.swift in Sources */ = {isa = PBXBuildFile; fileRef = A39597B82A70EA6500007F82 /* Vote.swift */; };
		A3E9052C2A6EF495007A0E2A /* Audio.swift in Sources */ = {isa = PBXBuildFile; fileRef = A3E9052B2A6EF495007A0E2A /* Audio.swift */; };
		A3E9052E2A6EF4BF007A0E2A /* AudioViewModel.swift in Sources */ = {isa = PBXBuildFile; fileRef = A3E9052D2A6EF4BF007A0E2A /* AudioViewModel.swift */; };
		A3E905302A6EF4DE007A0E2A /* VoiceActivityDetector.swift in Sources */ = {isa = PBXBuildFile; fileRef = A3E9052F2A6EF4DE007A0E2A /* VoiceActivityDetector.swift */; };
		A3E905322A6F4B00007A0E2A /* LobbyViewModel.swift in Sources */ = {isa = PBXBuildFile; fileRef = A3E905312A6F4B00007A0E2A /* LobbyViewModel.swift */; };
		A3E9053A2A6FC280007A0E2A /* Question.swift in Sources */ = {isa = PBXBuildFile; fileRef = A3E905392A6FC280007A0E2A /* Question.swift */; };
		A3E9053C2A6FC7CE007A0E2A /* questions.json in Resources */ = {isa = PBXBuildFile; fileRef = A3E9053B2A6FC7CE007A0E2A /* questions.json */; };
		E22F946E2A67B13E0088315B /* BubbleView.swift in Sources */ = {isa = PBXBuildFile; fileRef = E22F946D2A67B13E0088315B /* BubbleView.swift */; };
		E22F94722A6B78F10088315B /* LoadingView.swift in Sources */ = {isa = PBXBuildFile; fileRef = E22F94712A6B78F10088315B /* LoadingView.swift */; };
		E25C6DFC2A63CBAB00B4F3EC /* EndGameView.swift in Sources */ = {isa = PBXBuildFile; fileRef = E25C6DFB2A63CBAB00B4F3EC /* EndGameView.swift */; };
		E25C6DFE2A63D65200B4F3EC /* ViewModel.swift in Sources */ = {isa = PBXBuildFile; fileRef = E25C6DFD2A63D65200B4F3EC /* ViewModel.swift */; };
		E25C6E022A645D4800B4F3EC /* HangOutView.swift in Sources */ = {isa = PBXBuildFile; fileRef = E25C6E012A645D4800B4F3EC /* HangOutView.swift */; };
		E2AD0EB22A60EDE100E76ED3 /* MC_3App.swift in Sources */ = {isa = PBXBuildFile; fileRef = E2AD0EB12A60EDE100E76ED3 /* MC_3App.swift */; };
		E2AD0EB42A60EDE100E76ED3 /* ContentView.swift in Sources */ = {isa = PBXBuildFile; fileRef = E2AD0EB32A60EDE100E76ED3 /* ContentView.swift */; };
		E2AD0EB62A60EDE300E76ED3 /* Assets.xcassets in Resources */ = {isa = PBXBuildFile; fileRef = E2AD0EB52A60EDE300E76ED3 /* Assets.xcassets */; };
		E2AD0EB92A60EDE300E76ED3 /* Preview Assets.xcassets in Resources */ = {isa = PBXBuildFile; fileRef = E2AD0EB82A60EDE300E76ED3 /* Preview Assets.xcassets */; };
		E2B122552A6FBB7C00E8606C /* ChossingView.swift in Sources */ = {isa = PBXBuildFile; fileRef = E2B122542A6FBB7C00E8606C /* ChossingView.swift */; };
		E2B122572A6FDD2B00E8606C /* ResultView.swift in Sources */ = {isa = PBXBuildFile; fileRef = E2B122562A6FDD2B00E8606C /* ResultView.swift */; };
		E2B337372A71237600F9384D /* Try.swift in Sources */ = {isa = PBXBuildFile; fileRef = E2B337362A71237600F9384D /* Try.swift */; };
		E2B337392A7171CB00F9384D /* SplashScreenView.swift in Sources */ = {isa = PBXBuildFile; fileRef = E2B337382A7171CB00F9384D /* SplashScreenView.swift */; };
		EC8318702A65F1A200BD3A7E /* Lobby.swift in Sources */ = {isa = PBXBuildFile; fileRef = EC83186F2A65F1A200BD3A7E /* Lobby.swift */; };
		EC8318722A66050C00BD3A7E /* ChooseRoleView.swift in Sources */ = {isa = PBXBuildFile; fileRef = EC8318712A66050C00BD3A7E /* ChooseRoleView.swift */; };
		EC8318742A66A11B00BD3A7E /* LobbyView.swift in Sources */ = {isa = PBXBuildFile; fileRef = EC8318732A66A11B00BD3A7E /* LobbyView.swift */; };
		EC8318A92A67EBD400BD3A7E /* ButtonStyle.swift in Sources */ = {isa = PBXBuildFile; fileRef = EC8318A82A67EBD400BD3A7E /* ButtonStyle.swift */; };
		EC8F9E232A683F7000E0A76B /* ListenView.swift in Sources */ = {isa = PBXBuildFile; fileRef = EC8F9E222A683F7000E0A76B /* ListenView.swift */; };
		EC8F9E252A683FD100E0A76B /* JudgeView.swift in Sources */ = {isa = PBXBuildFile; fileRef = EC8F9E242A683FD100E0A76B /* JudgeView.swift */; };
		EC8F9E272A68403200E0A76B /* AskedView.swift in Sources */ = {isa = PBXBuildFile; fileRef = EC8F9E262A68403200E0A76B /* AskedView.swift */; };
		EC8F9E292A69411800E0A76B /* MultipeerController.swift in Sources */ = {isa = PBXBuildFile; fileRef = EC8F9E282A69411800E0A76B /* MultipeerController.swift */; };
		EC8F9E2B2A69422100E0A76B /* Misc.swift in Sources */ = {isa = PBXBuildFile; fileRef = EC8F9E2A2A69422100E0A76B /* Misc.swift */; };
		ECAE9AA32A654C3200E46A34 /* Player.swift in Sources */ = {isa = PBXBuildFile; fileRef = ECAE9AA22A654C3200E46A34 /* Player.swift */; };
		ECAE9AA62A6553D600E46A34 /* ConnectionManager.swift in Sources */ = {isa = PBXBuildFile; fileRef = ECAE9AA52A6553D600E46A34 /* ConnectionManager.swift */; };
		ECCA2FDB2A6C1C0C000226AD /* ChoosePlayerView.swift in Sources */ = {isa = PBXBuildFile; fileRef = ECCA2FDA2A6C1C0C000226AD /* ChoosePlayerView.swift */; };
		ECCA2FDD2A6C1FAF000226AD /* RefereeView.swift in Sources */ = {isa = PBXBuildFile; fileRef = ECCA2FDC2A6C1FAF000226AD /* RefereeView.swift */; };
		ECCA2FE12A6C24DF000226AD /* ContinueView.swift in Sources */ = {isa = PBXBuildFile; fileRef = ECCA2FE02A6C24DF000226AD /* ContinueView.swift */; };
/* End PBXBuildFile section */

/* Begin PBXFileReference section */
		A39597B22A70A0E100007F82 /* ChoosingView.swift */ = {isa = PBXFileReference; lastKnownFileType = sourcecode.swift; path = ChoosingView.swift; sourceTree = "<group>"; };
		A39597B42A70CF1B00007F82 /* SynthesizerViewModel.swift */ = {isa = PBXFileReference; lastKnownFileType = sourcecode.swift; path = SynthesizerViewModel.swift; sourceTree = "<group>"; };
		A39597B62A70D8E100007F82 /* HapticViewModel.swift */ = {isa = PBXFileReference; lastKnownFileType = sourcecode.swift; path = HapticViewModel.swift; sourceTree = "<group>"; };
		A39597B82A70EA6500007F82 /* Vote.swift */ = {isa = PBXFileReference; lastKnownFileType = sourcecode.swift; path = Vote.swift; sourceTree = "<group>"; };
		A3E9052B2A6EF495007A0E2A /* Audio.swift */ = {isa = PBXFileReference; lastKnownFileType = sourcecode.swift; path = Audio.swift; sourceTree = "<group>"; };
		A3E9052D2A6EF4BF007A0E2A /* AudioViewModel.swift */ = {isa = PBXFileReference; lastKnownFileType = sourcecode.swift; path = AudioViewModel.swift; sourceTree = "<group>"; };
		A3E9052F2A6EF4DE007A0E2A /* VoiceActivityDetector.swift */ = {isa = PBXFileReference; lastKnownFileType = sourcecode.swift; path = VoiceActivityDetector.swift; sourceTree = "<group>"; };
		A3E905312A6F4B00007A0E2A /* LobbyViewModel.swift */ = {isa = PBXFileReference; lastKnownFileType = sourcecode.swift; path = LobbyViewModel.swift; sourceTree = "<group>"; };
		A3E905392A6FC280007A0E2A /* Question.swift */ = {isa = PBXFileReference; lastKnownFileType = sourcecode.swift; path = Question.swift; sourceTree = "<group>"; };
		A3E9053B2A6FC7CE007A0E2A /* questions.json */ = {isa = PBXFileReference; fileEncoding = 4; lastKnownFileType = text.json; path = questions.json; sourceTree = "<group>"; };
		E22F946D2A67B13E0088315B /* BubbleView.swift */ = {isa = PBXFileReference; lastKnownFileType = sourcecode.swift; path = BubbleView.swift; sourceTree = "<group>"; };
		E22F94712A6B78F10088315B /* LoadingView.swift */ = {isa = PBXFileReference; lastKnownFileType = sourcecode.swift; path = LoadingView.swift; sourceTree = "<group>"; };
		E25C6DFB2A63CBAB00B4F3EC /* EndGameView.swift */ = {isa = PBXFileReference; lastKnownFileType = sourcecode.swift; path = EndGameView.swift; sourceTree = "<group>"; };
		E25C6DFD2A63D65200B4F3EC /* ViewModel.swift */ = {isa = PBXFileReference; lastKnownFileType = sourcecode.swift; path = ViewModel.swift; sourceTree = "<group>"; };
		E25C6E012A645D4800B4F3EC /* HangOutView.swift */ = {isa = PBXFileReference; lastKnownFileType = sourcecode.swift; path = HangOutView.swift; sourceTree = "<group>"; };
		E2AD0EAE2A60EDE100E76ED3 /* MC_3.app */ = {isa = PBXFileReference; explicitFileType = wrapper.application; includeInIndex = 0; path = MC_3.app; sourceTree = BUILT_PRODUCTS_DIR; };
		E2AD0EB12A60EDE100E76ED3 /* MC_3App.swift */ = {isa = PBXFileReference; lastKnownFileType = sourcecode.swift; path = MC_3App.swift; sourceTree = "<group>"; };
		E2AD0EB32A60EDE100E76ED3 /* ContentView.swift */ = {isa = PBXFileReference; lastKnownFileType = sourcecode.swift; path = ContentView.swift; sourceTree = "<group>"; };
		E2AD0EB52A60EDE300E76ED3 /* Assets.xcassets */ = {isa = PBXFileReference; lastKnownFileType = folder.assetcatalog; path = Assets.xcassets; sourceTree = "<group>"; };
		E2AD0EB82A60EDE300E76ED3 /* Preview Assets.xcassets */ = {isa = PBXFileReference; lastKnownFileType = folder.assetcatalog; path = "Preview Assets.xcassets"; sourceTree = "<group>"; };
		E2B122542A6FBB7C00E8606C /* ChossingView.swift */ = {isa = PBXFileReference; lastKnownFileType = sourcecode.swift; path = ChossingView.swift; sourceTree = "<group>"; };
		E2B122562A6FDD2B00E8606C /* ResultView.swift */ = {isa = PBXFileReference; fileEncoding = 4; lastKnownFileType = sourcecode.swift; path = ResultView.swift; sourceTree = "<group>"; };
		E2B337362A71237600F9384D /* Try.swift */ = {isa = PBXFileReference; lastKnownFileType = sourcecode.swift; path = Try.swift; sourceTree = "<group>"; };
		E2B337382A7171CB00F9384D /* SplashScreenView.swift */ = {isa = PBXFileReference; lastKnownFileType = sourcecode.swift; path = SplashScreenView.swift; sourceTree = "<group>"; };
		EC83186F2A65F1A200BD3A7E /* Lobby.swift */ = {isa = PBXFileReference; lastKnownFileType = sourcecode.swift; path = Lobby.swift; sourceTree = "<group>"; };
		EC8318712A66050C00BD3A7E /* ChooseRoleView.swift */ = {isa = PBXFileReference; lastKnownFileType = sourcecode.swift; path = ChooseRoleView.swift; sourceTree = "<group>"; };
		EC8318732A66A11B00BD3A7E /* LobbyView.swift */ = {isa = PBXFileReference; lastKnownFileType = sourcecode.swift; path = LobbyView.swift; sourceTree = "<group>"; };
		EC8318A82A67EBD400BD3A7E /* ButtonStyle.swift */ = {isa = PBXFileReference; lastKnownFileType = sourcecode.swift; path = ButtonStyle.swift; sourceTree = "<group>"; };
		EC8F9E222A683F7000E0A76B /* ListenView.swift */ = {isa = PBXFileReference; lastKnownFileType = sourcecode.swift; path = ListenView.swift; sourceTree = "<group>"; };
		EC8F9E242A683FD100E0A76B /* JudgeView.swift */ = {isa = PBXFileReference; lastKnownFileType = sourcecode.swift; path = JudgeView.swift; sourceTree = "<group>"; };
		EC8F9E262A68403200E0A76B /* AskedView.swift */ = {isa = PBXFileReference; lastKnownFileType = sourcecode.swift; path = AskedView.swift; sourceTree = "<group>"; };
		EC8F9E282A69411800E0A76B /* MultipeerController.swift */ = {isa = PBXFileReference; lastKnownFileType = sourcecode.swift; path = MultipeerController.swift; sourceTree = "<group>"; };
		EC8F9E2A2A69422100E0A76B /* Misc.swift */ = {isa = PBXFileReference; lastKnownFileType = sourcecode.swift; path = Misc.swift; sourceTree = "<group>"; };
		ECAE9AA22A654C3200E46A34 /* Player.swift */ = {isa = PBXFileReference; lastKnownFileType = sourcecode.swift; path = Player.swift; sourceTree = "<group>"; };
		ECAE9AA52A6553D600E46A34 /* ConnectionManager.swift */ = {isa = PBXFileReference; lastKnownFileType = sourcecode.swift; path = ConnectionManager.swift; sourceTree = "<group>"; };
		ECCA2FDA2A6C1C0C000226AD /* ChoosePlayerView.swift */ = {isa = PBXFileReference; lastKnownFileType = sourcecode.swift; path = ChoosePlayerView.swift; sourceTree = "<group>"; };
		ECCA2FDC2A6C1FAF000226AD /* RefereeView.swift */ = {isa = PBXFileReference; lastKnownFileType = sourcecode.swift; path = RefereeView.swift; sourceTree = "<group>"; };
		ECCA2FE02A6C24DF000226AD /* ContinueView.swift */ = {isa = PBXFileReference; lastKnownFileType = sourcecode.swift; path = ContinueView.swift; sourceTree = "<group>"; };
/* End PBXFileReference section */

/* Begin PBXFrameworksBuildPhase section */
		E2AD0EAB2A60EDE100E76ED3 /* Frameworks */ = {
			isa = PBXFrameworksBuildPhase;
			buildActionMask = 2147483647;
			files = (
			);
			runOnlyForDeploymentPostprocessing = 0;
		};
/* End PBXFrameworksBuildPhase section */

/* Begin PBXGroup section */
		E22F94102A6504E90088315B /* Model */ = {
			isa = PBXGroup;
			children = (
				EC83186F2A65F1A200BD3A7E /* Lobby.swift */,
				ECAE9AA22A654C3200E46A34 /* Player.swift */,
				A3E9052B2A6EF495007A0E2A /* Audio.swift */,
				A3E905392A6FC280007A0E2A /* Question.swift */,
				A39597B82A70EA6500007F82 /* Vote.swift */,
			);
			path = Model;
			sourceTree = "<group>";
		};
		E22F94112A6505000088315B /* ViewModel */ = {
			isa = PBXGroup;
			children = (
				E25C6DFD2A63D65200B4F3EC /* ViewModel.swift */,
				A3E9052D2A6EF4BF007A0E2A /* AudioViewModel.swift */,
				A3E905312A6F4B00007A0E2A /* LobbyViewModel.swift */,
				A39597B42A70CF1B00007F82 /* SynthesizerViewModel.swift */,
				A39597B62A70D8E100007F82 /* HapticViewModel.swift */,
			);
			path = ViewModel;
			sourceTree = "<group>";
		};
		E22F94122A65051F0088315B /* View */ = {
			isa = PBXGroup;
			children = (
				E25C6DFB2A63CBAB00B4F3EC /* EndGameView.swift */,
				EC8318A82A67EBD400BD3A7E /* ButtonStyle.swift */,
				EC8318712A66050C00BD3A7E /* ChooseRoleView.swift */,
				E2AD0EB32A60EDE100E76ED3 /* ContentView.swift */,
				EC8318732A66A11B00BD3A7E /* LobbyView.swift */,
				E25C6E012A645D4800B4F3EC /* HangOutView.swift */,
				EC8F9E222A683F7000E0A76B /* ListenView.swift */,
				EC8F9E242A683FD100E0A76B /* JudgeView.swift */,
				EC8F9E262A68403200E0A76B /* AskedView.swift */,
				E2B122562A6FDD2B00E8606C /* ResultView.swift */,
				E22F946D2A67B13E0088315B /* BubbleView.swift */,
				ECCA2FDA2A6C1C0C000226AD /* ChoosePlayerView.swift */,
				ECCA2FDC2A6C1FAF000226AD /* RefereeView.swift */,
				ECCA2FE02A6C24DF000226AD /* ContinueView.swift */,
				E22F94712A6B78F10088315B /* LoadingView.swift */,
				E2B122542A6FBB7C00E8606C /* ChossingView.swift */,
				A39597B22A70A0E100007F82 /* ChoosingView.swift */,
			);
			path = View;
			sourceTree = "<group>";
		};
		E2AD0EA52A60EDE100E76ED3 = {
			isa = PBXGroup;
			children = (
				E2B337362A71237600F9384D /* Try.swift */,
				E2AD0EB02A60EDE100E76ED3 /* MC_3 */,
				E2AD0EAF2A60EDE100E76ED3 /* Products */,
			);
			sourceTree = "<group>";
		};
		E2AD0EAF2A60EDE100E76ED3 /* Products */ = {
			isa = PBXGroup;
			children = (
				E2AD0EAE2A60EDE100E76ED3 /* MC_3.app */,
			);
			name = Products;
			sourceTree = "<group>";
		};
		E2AD0EB02A60EDE100E76ED3 /* MC_3 */ = {
			isa = PBXGroup;
			children = (
				E2B337382A7171CB00F9384D /* SplashScreenView.swift */,
				E2AD0EB12A60EDE100E76ED3 /* MC_3App.swift */,
				ECAE9AA42A65528400E46A34 /* Utility */,
				E22F94112A6505000088315B /* ViewModel */,
				E22F94102A6504E90088315B /* Model */,
				E22F94122A65051F0088315B /* View */,
				E2AD0EB52A60EDE300E76ED3 /* Assets.xcassets */,
				A3E9053B2A6FC7CE007A0E2A /* questions.json */,
				E2AD0EB72A60EDE300E76ED3 /* Preview Content */,
			);
			path = MC_3;
			sourceTree = "<group>";
		};
		E2AD0EB72A60EDE300E76ED3 /* Preview Content */ = {
			isa = PBXGroup;
			children = (
				E2AD0EB82A60EDE300E76ED3 /* Preview Assets.xcassets */,
			);
			path = "Preview Content";
			sourceTree = "<group>";
		};
		ECAE9AA42A65528400E46A34 /* Utility */ = {
			isa = PBXGroup;
			children = (
				ECAE9AA52A6553D600E46A34 /* ConnectionManager.swift */,
				EC8F9E282A69411800E0A76B /* MultipeerController.swift */,
				EC8F9E2A2A69422100E0A76B /* Misc.swift */,
				A3E9052F2A6EF4DE007A0E2A /* VoiceActivityDetector.swift */,
			);
			path = Utility;
			sourceTree = "<group>";
		};
/* End PBXGroup section */

/* Begin PBXNativeTarget section */
		E2AD0EAD2A60EDE100E76ED3 /* MC_3 */ = {
			isa = PBXNativeTarget;
			buildConfigurationList = E2AD0EBC2A60EDE300E76ED3 /* Build configuration list for PBXNativeTarget "MC_3" */;
			buildPhases = (
				E2AD0EAA2A60EDE100E76ED3 /* Sources */,
				E2AD0EAB2A60EDE100E76ED3 /* Frameworks */,
				E2AD0EAC2A60EDE100E76ED3 /* Resources */,
			);
			buildRules = (
			);
			dependencies = (
			);
			name = MC_3;
			productName = MC_3;
			productReference = E2AD0EAE2A60EDE100E76ED3 /* MC_3.app */;
			productType = "com.apple.product-type.application";
		};
/* End PBXNativeTarget section */

/* Begin PBXProject section */
		E2AD0EA62A60EDE100E76ED3 /* Project object */ = {
			isa = PBXProject;
			attributes = {
				BuildIndependentTargetsInParallel = 1;
				LastSwiftUpdateCheck = 1430;
				LastUpgradeCheck = 1430;
				TargetAttributes = {
					E2AD0EAD2A60EDE100E76ED3 = {
						CreatedOnToolsVersion = 14.3.1;
					};
				};
			};
			buildConfigurationList = E2AD0EA92A60EDE100E76ED3 /* Build configuration list for PBXProject "MC_3" */;
			compatibilityVersion = "Xcode 14.0";
			developmentRegion = en;
			hasScannedForEncodings = 0;
			knownRegions = (
				en,
				Base,
			);
			mainGroup = E2AD0EA52A60EDE100E76ED3;
			productRefGroup = E2AD0EAF2A60EDE100E76ED3 /* Products */;
			projectDirPath = "";
			projectRoot = "";
			targets = (
				E2AD0EAD2A60EDE100E76ED3 /* MC_3 */,
			);
		};
/* End PBXProject section */

/* Begin PBXResourcesBuildPhase section */
		E2AD0EAC2A60EDE100E76ED3 /* Resources */ = {
			isa = PBXResourcesBuildPhase;
			buildActionMask = 2147483647;
			files = (
				A3E9053C2A6FC7CE007A0E2A /* questions.json in Resources */,
				E2AD0EB92A60EDE300E76ED3 /* Preview Assets.xcassets in Resources */,
				E2AD0EB62A60EDE300E76ED3 /* Assets.xcassets in Resources */,
			);
			runOnlyForDeploymentPostprocessing = 0;
		};
/* End PBXResourcesBuildPhase section */

/* Begin PBXSourcesBuildPhase section */
		E2AD0EAA2A60EDE100E76ED3 /* Sources */ = {
			isa = PBXSourcesBuildPhase;
			buildActionMask = 2147483647;
			files = (
				E2B337392A7171CB00F9384D /* SplashScreenView.swift in Sources */,
				EC8F9E252A683FD100E0A76B /* JudgeView.swift in Sources */,
				EC8318A92A67EBD400BD3A7E /* ButtonStyle.swift in Sources */,
				EC8F9E2B2A69422100E0A76B /* Misc.swift in Sources */,
				A39597B32A70A0E100007F82 /* ChoosingView.swift in Sources */,
				A3E9053A2A6FC280007A0E2A /* Question.swift in Sources */,
				EC8318702A65F1A200BD3A7E /* Lobby.swift in Sources */,
				ECCA2FDD2A6C1FAF000226AD /* RefereeView.swift in Sources */,
				E2B122552A6FBB7C00E8606C /* ChossingView.swift in Sources */,
				E25C6E022A645D4800B4F3EC /* HangOutView.swift in Sources */,
				A39597B72A70D8E100007F82 /* HapticViewModel.swift in Sources */,
				A39597B52A70CF1B00007F82 /* SynthesizerViewModel.swift in Sources */,
				A39597B92A70EA6500007F82 /* Vote.swift in Sources */,
				EC8F9E232A683F7000E0A76B /* ListenView.swift in Sources */,
				ECCA2FE12A6C24DF000226AD /* ContinueView.swift in Sources */,
				E22F946E2A67B13E0088315B /* BubbleView.swift in Sources */,
				E25C6E022A645D4800B4F3EC /* HangOutView.swift in Sources */,
				A3E9052E2A6EF4BF007A0E2A /* AudioViewModel.swift in Sources */,
				E2B122572A6FDD2B00E8606C /* ResultView.swift in Sources */,
				E2AD0EB42A60EDE100E76ED3 /* ContentView.swift in Sources */,
				E2B337372A71237600F9384D /* Try.swift in Sources */,
				EC8318742A66A11B00BD3A7E /* LobbyView.swift in Sources */,
				EC8318722A66050C00BD3A7E /* ChooseRoleView.swift in Sources */,
				A3E905322A6F4B00007A0E2A /* LobbyViewModel.swift in Sources */,
				A3E9052C2A6EF495007A0E2A /* Audio.swift in Sources */,
				ECAE9AA62A6553D600E46A34 /* ConnectionManager.swift in Sources */,
				E2AD0EB22A60EDE100E76ED3 /* MC_3App.swift in Sources */,
				ECCA2FDB2A6C1C0C000226AD /* ChoosePlayerView.swift in Sources */,
				ECAE9AA32A654C3200E46A34 /* Player.swift in Sources */,
				A3E905302A6EF4DE007A0E2A /* VoiceActivityDetector.swift in Sources */,
				EC8F9E292A69411800E0A76B /* MultipeerController.swift in Sources */,
				EC8F9E272A68403200E0A76B /* AskedView.swift in Sources */,
				E25C6DFE2A63D65200B4F3EC /* ViewModel.swift in Sources */,
				E25C6DFC2A63CBAB00B4F3EC /* EndGameView.swift in Sources */,
				E22F94722A6B78F10088315B /* LoadingView.swift in Sources */,
				E25C6DFC2A63CBAB00B4F3EC /* EndGameView.swift in Sources */,
			);
			runOnlyForDeploymentPostprocessing = 0;
		};
/* End PBXSourcesBuildPhase section */

/* Begin XCBuildConfiguration section */
		E2AD0EBA2A60EDE300E76ED3 /* Debug */ = {
			isa = XCBuildConfiguration;
			buildSettings = {
				ALWAYS_SEARCH_USER_PATHS = NO;
				CLANG_ANALYZER_NONNULL = YES;
				CLANG_ANALYZER_NUMBER_OBJECT_CONVERSION = YES_AGGRESSIVE;
				CLANG_CXX_LANGUAGE_STANDARD = "gnu++20";
				CLANG_ENABLE_MODULES = YES;
				CLANG_ENABLE_OBJC_ARC = YES;
				CLANG_ENABLE_OBJC_WEAK = YES;
				CLANG_WARN_BLOCK_CAPTURE_AUTORELEASING = YES;
				CLANG_WARN_BOOL_CONVERSION = YES;
				CLANG_WARN_COMMA = YES;
				CLANG_WARN_CONSTANT_CONVERSION = YES;
				CLANG_WARN_DEPRECATED_OBJC_IMPLEMENTATIONS = YES;
				CLANG_WARN_DIRECT_OBJC_ISA_USAGE = YES_ERROR;
				CLANG_WARN_DOCUMENTATION_COMMENTS = YES;
				CLANG_WARN_EMPTY_BODY = YES;
				CLANG_WARN_ENUM_CONVERSION = YES;
				CLANG_WARN_INFINITE_RECURSION = YES;
				CLANG_WARN_INT_CONVERSION = YES;
				CLANG_WARN_NON_LITERAL_NULL_CONVERSION = YES;
				CLANG_WARN_OBJC_IMPLICIT_RETAIN_SELF = YES;
				CLANG_WARN_OBJC_LITERAL_CONVERSION = YES;
				CLANG_WARN_OBJC_ROOT_CLASS = YES_ERROR;
				CLANG_WARN_QUOTED_INCLUDE_IN_FRAMEWORK_HEADER = YES;
				CLANG_WARN_RANGE_LOOP_ANALYSIS = YES;
				CLANG_WARN_STRICT_PROTOTYPES = YES;
				CLANG_WARN_SUSPICIOUS_MOVE = YES;
				CLANG_WARN_UNGUARDED_AVAILABILITY = YES_AGGRESSIVE;
				CLANG_WARN_UNREACHABLE_CODE = YES;
				CLANG_WARN__DUPLICATE_METHOD_MATCH = YES;
				COPY_PHASE_STRIP = NO;
				DEBUG_INFORMATION_FORMAT = dwarf;
				ENABLE_STRICT_OBJC_MSGSEND = YES;
				ENABLE_TESTABILITY = YES;
				GCC_C_LANGUAGE_STANDARD = gnu11;
				GCC_DYNAMIC_NO_PIC = NO;
				GCC_NO_COMMON_BLOCKS = YES;
				GCC_OPTIMIZATION_LEVEL = 0;
				GCC_PREPROCESSOR_DEFINITIONS = (
					"DEBUG=1",
					"$(inherited)",
				);
				GCC_WARN_64_TO_32_BIT_CONVERSION = YES;
				GCC_WARN_ABOUT_RETURN_TYPE = YES_ERROR;
				GCC_WARN_UNDECLARED_SELECTOR = YES;
				GCC_WARN_UNINITIALIZED_AUTOS = YES_AGGRESSIVE;
				GCC_WARN_UNUSED_FUNCTION = YES;
				GCC_WARN_UNUSED_VARIABLE = YES;
				IPHONEOS_DEPLOYMENT_TARGET = 16.4;
				MTL_ENABLE_DEBUG_INFO = INCLUDE_SOURCE;
				MTL_FAST_MATH = YES;
				ONLY_ACTIVE_ARCH = YES;
				SDKROOT = iphoneos;
				SWIFT_ACTIVE_COMPILATION_CONDITIONS = DEBUG;
				SWIFT_OPTIMIZATION_LEVEL = "-Onone";
			};
			name = Debug;
		};
		E2AD0EBB2A60EDE300E76ED3 /* Release */ = {
			isa = XCBuildConfiguration;
			buildSettings = {
				ALWAYS_SEARCH_USER_PATHS = NO;
				CLANG_ANALYZER_NONNULL = YES;
				CLANG_ANALYZER_NUMBER_OBJECT_CONVERSION = YES_AGGRESSIVE;
				CLANG_CXX_LANGUAGE_STANDARD = "gnu++20";
				CLANG_ENABLE_MODULES = YES;
				CLANG_ENABLE_OBJC_ARC = YES;
				CLANG_ENABLE_OBJC_WEAK = YES;
				CLANG_WARN_BLOCK_CAPTURE_AUTORELEASING = YES;
				CLANG_WARN_BOOL_CONVERSION = YES;
				CLANG_WARN_COMMA = YES;
				CLANG_WARN_CONSTANT_CONVERSION = YES;
				CLANG_WARN_DEPRECATED_OBJC_IMPLEMENTATIONS = YES;
				CLANG_WARN_DIRECT_OBJC_ISA_USAGE = YES_ERROR;
				CLANG_WARN_DOCUMENTATION_COMMENTS = YES;
				CLANG_WARN_EMPTY_BODY = YES;
				CLANG_WARN_ENUM_CONVERSION = YES;
				CLANG_WARN_INFINITE_RECURSION = YES;
				CLANG_WARN_INT_CONVERSION = YES;
				CLANG_WARN_NON_LITERAL_NULL_CONVERSION = YES;
				CLANG_WARN_OBJC_IMPLICIT_RETAIN_SELF = YES;
				CLANG_WARN_OBJC_LITERAL_CONVERSION = YES;
				CLANG_WARN_OBJC_ROOT_CLASS = YES_ERROR;
				CLANG_WARN_QUOTED_INCLUDE_IN_FRAMEWORK_HEADER = YES;
				CLANG_WARN_RANGE_LOOP_ANALYSIS = YES;
				CLANG_WARN_STRICT_PROTOTYPES = YES;
				CLANG_WARN_SUSPICIOUS_MOVE = YES;
				CLANG_WARN_UNGUARDED_AVAILABILITY = YES_AGGRESSIVE;
				CLANG_WARN_UNREACHABLE_CODE = YES;
				CLANG_WARN__DUPLICATE_METHOD_MATCH = YES;
				COPY_PHASE_STRIP = NO;
				DEBUG_INFORMATION_FORMAT = "dwarf-with-dsym";
				ENABLE_NS_ASSERTIONS = NO;
				ENABLE_STRICT_OBJC_MSGSEND = YES;
				GCC_C_LANGUAGE_STANDARD = gnu11;
				GCC_NO_COMMON_BLOCKS = YES;
				GCC_WARN_64_TO_32_BIT_CONVERSION = YES;
				GCC_WARN_ABOUT_RETURN_TYPE = YES_ERROR;
				GCC_WARN_UNDECLARED_SELECTOR = YES;
				GCC_WARN_UNINITIALIZED_AUTOS = YES_AGGRESSIVE;
				GCC_WARN_UNUSED_FUNCTION = YES;
				GCC_WARN_UNUSED_VARIABLE = YES;
				IPHONEOS_DEPLOYMENT_TARGET = 16.4;
				MTL_ENABLE_DEBUG_INFO = NO;
				MTL_FAST_MATH = YES;
				SDKROOT = iphoneos;
				SWIFT_COMPILATION_MODE = wholemodule;
				SWIFT_OPTIMIZATION_LEVEL = "-O";
				VALIDATE_PRODUCT = YES;
			};
			name = Release;
		};
		E2AD0EBD2A60EDE300E76ED3 /* Debug */ = {
			isa = XCBuildConfiguration;
			buildSettings = {
				ASSETCATALOG_COMPILER_APPICON_NAME = AppIcon;
				ASSETCATALOG_COMPILER_GLOBAL_ACCENT_COLOR_NAME = AccentColor;
				CODE_SIGN_STYLE = Automatic;
				CURRENT_PROJECT_VERSION = 1;
				DEVELOPMENT_ASSET_PATHS = "\"MC_3/Preview Content\"";
				DEVELOPMENT_TEAM = K6G57A2975;
				ENABLE_PREVIEWS = YES;
				GENERATE_INFOPLIST_FILE = YES;
				INFOPLIST_KEY_UIApplicationSceneManifest_Generation = YES;
				INFOPLIST_KEY_UIApplicationSupportsIndirectInputEvents = YES;
				INFOPLIST_KEY_UILaunchScreen_Generation = YES;
				INFOPLIST_KEY_UISupportedInterfaceOrientations_iPad = "UIInterfaceOrientationPortrait UIInterfaceOrientationPortraitUpsideDown UIInterfaceOrientationLandscapeLeft UIInterfaceOrientationLandscapeRight";
				INFOPLIST_KEY_UISupportedInterfaceOrientations_iPhone = "UIInterfaceOrientationPortrait UIInterfaceOrientationLandscapeLeft UIInterfaceOrientationLandscapeRight";
				LD_RUNPATH_SEARCH_PATHS = (
					"$(inherited)",
					"@executable_path/Frameworks",
				);
				MARKETING_VERSION = 1.0;
				PRODUCT_BUNDLE_IDENTIFIER = "irvan.MC-3";
				PRODUCT_NAME = "$(TARGET_NAME)";
				SWIFT_EMIT_LOC_STRINGS = YES;
				SWIFT_VERSION = 5.0;
				TARGETED_DEVICE_FAMILY = "1,2";
			};
			name = Debug;
		};
		E2AD0EBE2A60EDE300E76ED3 /* Release */ = {
			isa = XCBuildConfiguration;
			buildSettings = {
				ASSETCATALOG_COMPILER_APPICON_NAME = AppIcon;
				ASSETCATALOG_COMPILER_GLOBAL_ACCENT_COLOR_NAME = AccentColor;
				CODE_SIGN_STYLE = Automatic;
				CURRENT_PROJECT_VERSION = 1;
				DEVELOPMENT_ASSET_PATHS = "\"MC_3/Preview Content\"";
				DEVELOPMENT_TEAM = K6G57A2975;
				ENABLE_PREVIEWS = YES;
				GENERATE_INFOPLIST_FILE = YES;
				INFOPLIST_KEY_UIApplicationSceneManifest_Generation = YES;
				INFOPLIST_KEY_UIApplicationSupportsIndirectInputEvents = YES;
				INFOPLIST_KEY_UILaunchScreen_Generation = YES;
				INFOPLIST_KEY_UISupportedInterfaceOrientations_iPad = "UIInterfaceOrientationPortrait UIInterfaceOrientationPortraitUpsideDown UIInterfaceOrientationLandscapeLeft UIInterfaceOrientationLandscapeRight";
				INFOPLIST_KEY_UISupportedInterfaceOrientations_iPhone = "UIInterfaceOrientationPortrait UIInterfaceOrientationLandscapeLeft UIInterfaceOrientationLandscapeRight";
				LD_RUNPATH_SEARCH_PATHS = (
					"$(inherited)",
					"@executable_path/Frameworks",
				);
				MARKETING_VERSION = 1.0;
				PRODUCT_BUNDLE_IDENTIFIER = "irvan.MC-3";
				PRODUCT_NAME = "$(TARGET_NAME)";
				SWIFT_EMIT_LOC_STRINGS = YES;
				SWIFT_VERSION = 5.0;
				TARGETED_DEVICE_FAMILY = "1,2";
			};
			name = Release;
		};
/* End XCBuildConfiguration section */

/* Begin XCConfigurationList section */
		E2AD0EA92A60EDE100E76ED3 /* Build configuration list for PBXProject "MC_3" */ = {
			isa = XCConfigurationList;
			buildConfigurations = (
				E2AD0EBA2A60EDE300E76ED3 /* Debug */,
				E2AD0EBB2A60EDE300E76ED3 /* Release */,
			);
			defaultConfigurationIsVisible = 0;
			defaultConfigurationName = Release;
		};
		E2AD0EBC2A60EDE300E76ED3 /* Build configuration list for PBXNativeTarget "MC_3" */ = {
			isa = XCConfigurationList;
			buildConfigurations = (
				E2AD0EBD2A60EDE300E76ED3 /* Debug */,
				E2AD0EBE2A60EDE300E76ED3 /* Release */,
			);
			defaultConfigurationIsVisible = 0;
			defaultConfigurationName = Release;
		};
/* End XCConfigurationList section */
	};
	rootObject = E2AD0EA62A60EDE100E76ED3 /* Project object */;
}
